{
  "name": "003_ms4_mlclient_example",
  "version": "1.0.0",
  "lockfileVersion": 1,
  "requires": true,
  "dependencies": {
    "mlclient": {
      "version": "1.4.1",
      "resolved": "https://registry.npmjs.org/mlclient/-/mlclient-1.4.1.tgz",
      "integrity": "sha512-J9zu8hGfgPNgj4AShFhYe1r3M+tXswFEoXFzkF8E+2el08x+Ld2nNrU1MZdmbrPNltLLRlQZH5qqAOZlftR/JA=="
    }
  }
}
